
Microsoft Visual Studio Solution File, Format Version 12.00
# Visual Studio Version 17
VisualStudioVersion = 17.1.32210.238
MinimumVisualStudioVersion = 10.0.40219.1
Project("{9A19103F-16F7-4668-BE54-9A1E7A4F7556}") = "AmazonScrapper.Lib", "src\AmazonScrapper.Lib\AmazonScrapper.Lib.csproj", "{E184F59D-6A29-4FC2-A2BF-0F1942D7C0CF}"
EndProject
Project("{FAE04EC0-301F-11D3-BF4B-00C04F79EFBC}") = "AmazonScrapper.Lib.Tests", "tests\AmazonScrapper.Lib.Tests\AmazonScrapper.Lib.Tests.csproj", "{5414A0B1-B16D-4C76-A335-36891075CC98}"
EndProject
Global
	GlobalSection(SolutionConfigurationPlatforms) = preSolution
		Debug|Any CPU = Debug|Any CPU
		Release|Any CPU = Release|Any CPU
	EndGlobalSection
	GlobalSection(ProjectConfigurationPlatforms) = postSolution
		{E184F59D-6A29-4FC2-A2BF-0F1942D7C0CF}.Debug|Any CPU.ActiveCfg = Debug|Any CPU
		{E184F59D-6A29-4FC2-A2BF-0F1942D7C0CF}.Debug|Any CPU.Build.0 = Debug|Any CPU
		{E184F59D-6A29-4FC2-A2BF-0F1942D7C0CF}.Release|Any CPU.ActiveCfg = Release|Any CPU
		{E184F59D-6A29-4FC2-A2BF-0F1942D7C0CF}.Release|Any CPU.Build.0 = Release|Any CPU
		{5414A0B1-B16D-4C76-A335-36891075CC98}.Debug|Any CPU.ActiveCfg = Debug|Any CPU
		{5414A0B1-B16D-4C76-A335-36891075CC98}.Debug|Any CPU.Build.0 = Debug|Any CPU
		{5414A0B1-B16D-4C76-A335-36891075CC98}.Release|Any CPU.ActiveCfg = Release|Any CPU
		{5414A0B1-B16D-4C76-A335-36891075CC98}.Release|Any CPU.Build.0 = Release|Any CPU
	EndGlobalSection
	GlobalSection(SolutionProperties) = preSolution
		HideSolutionNode = FALSE
	EndGlobalSection
	GlobalSection(ExtensibilityGlobals) = postSolution
		SolutionGuid = {197BE89B-8D89-45FF-BB32-917F8FA048EF}
	EndGlobalSection
EndGlobal
